
Microsoft Visual Studio Solution File, Format Version 12.00
# Visual Studio Version 16
VisualStudioVersion = 16.0.31911.196
MinimumVisualStudioVersion = 10.0.40219.1
Project("{9A19103F-16F7-4668-BE54-9A1E7A4F7556}") = "PersonStuff", "PersonStuff\PersonStuff.csproj", "{236AF00B-2D86-49DE-A0DD-2607E3B385BD}"
EndProject
Project("{2150E333-8FDC-42A3-9474-1A3956D46DE8}") = "Solution Items", "Solution Items", "{215616BA-7A51-4EDE-BC15-5F58A186B8C5}"
	ProjectSection(SolutionItems) = preProject
		.editorconfig = .editorconfig
	EndProjectSection
EndProject
Global
	GlobalSection(SolutionConfigurationPlatforms) = preSolution
		Debug|Any CPU = Debug|Any CPU
		Release|Any CPU = Release|Any CPU
	EndGlobalSection
	GlobalSection(ProjectConfigurationPlatforms) = postSolution
		{236AF00B-2D86-49DE-A0DD-2607E3B385BD}.Debug|Any CPU.ActiveCfg = Debug|Any CPU
		{236AF00B-2D86-49DE-A0DD-2607E3B385BD}.Debug|Any CPU.Build.0 = Debug|Any CPU
		{236AF00B-2D86-49DE-A0DD-2607E3B385BD}.Release|Any CPU.ActiveCfg = Release|Any CPU
		{236AF00B-2D86-49DE-A0DD-2607E3B385BD}.Release|Any CPU.Build.0 = Release|Any CPU
	EndGlobalSection
	GlobalSection(SolutionProperties) = preSolution
		HideSolutionNode = FALSE
	EndGlobalSection
	GlobalSection(ExtensibilityGlobals) = postSolution
		SolutionGuid = {8D810350-F1B4-45B8-B15D-32F07989D567}
	EndGlobalSection
EndGlobal
